{
  "name": "terrainworldmap-scripts",
  "lockfileVersion": 3,
  "requires": true,
  "packages": {
    "": {
      "name": "terrainworldmap-scripts",
      "dependencies": {
        "@wowserhq/format": "^0.28.0",
        "csv-parse": "^5.5.6",
        "pngjs": "^7.0.0"
      }
    },
    "node_modules/@wowserhq/format": {
      "version": "0.28.0",
      "resolved": "https://registry.npmjs.org/@wowserhq/format/-/format-0.28.0.tgz",
      "integrity": "sha512-xlJvvoEAika3ozSKdWflp25V91RxJupXlWbRBQI/oPG32y255Db0ocEHQWJC3m7JPEZ8S+LUSLYGBzn0JiXN9w==",
      "license": "MIT",
      "dependencies": {
        "@wowserhq/io": "^2.0.2",
        "gl-matrix": "^3.4.3"
      }
    },
    "node_modules/@wowserhq/io": {
      "version": "2.0.2",
      "resolved": "https://registry.npmjs.org/@wowserhq/io/-/io-2.0.2.tgz",
      "integrity": "sha512-YGjfUbo+wNuJiy6pOhsGeWAjq7bTvMDoGn5y+2LW2LJujOvRWNUx95MaRaJgtp8O+ig/+loJRVg5mTQoY9eoIg==",
      "license": "MIT"
    },
    "node_modules/csv-parse": {
      "version": "5.6.0",
      "resolved": "https://registry.npmjs.org/csv-parse/-/csv-parse-5.6.0.tgz",
      "integrity": "sha512-l3nz3euub2QMg5ouu5U09Ew9Wf6/wQ8I++ch1loQ0ljmzhmfZYrH9fflS22i/PQEvsPvxCwxgz5q7UB8K1JO4Q==",
      "license": "MIT"
    },
    "node_modules/gl-matrix": {
      "version": "3.4.4",
      "resolved": "https://registry.npmjs.org/gl-matrix/-/gl-matrix-3.4.4.tgz",
      "integrity": "sha512-latSnyDNt/8zYUB6VIJ6PCh2jBjJX6gnDsoCZ7LyW7GkqrD51EWwa9qCoGixj8YqBtETQK/xY7OmpTF8xz1DdQ==",
      "license": "MIT"
    },
    "node_modules/pngjs": {
      "version": "7.0.0",
      "resolved": "https://registry.npmjs.org/pngjs/-/pngjs-7.0.0.tgz",
      "integrity": "sha512-LKWqWJRhstyYo9pGvgor/ivk2w94eSjE3RGVuzLGlr3NmD8bf7RcYGze1mNdEHRP6TRP6rMuDHk5t44hnTRyow==",
      "license": "MIT",
      "engines": {
        "node": ">=14.19.0"
      }
    }
  }
}
